
Microsoft Visual Studio Solution File, Format Version 12.00
# Visual Studio 15
VisualStudioVersion = 15.0.28307.1525
MinimumVisualStudioVersion = 10.0.40219.1
Project("{FAE04EC0-301F-11D3-BF4B-00C04F79EFBC}") = "CSharp", "CSharp\CSharp.csproj", "{BF2F71AA-0F8A-43B4-864F-159A63E63429}"
EndProject
Global
	GlobalSection(SolutionConfigurationPlatforms) = preSolution
		Debug|Any CPU = Debug|Any CPU
		Release|Any CPU = Release|Any CPU
	EndGlobalSection
	GlobalSection(ProjectConfigurationPlatforms) = postSolution
		{BF2F71AA-0F8A-43B4-864F-159A63E63429}.Debug|Any CPU.ActiveCfg = Debug|Any CPU
		{BF2F71AA-0F8A-43B4-864F-159A63E63429}.Debug|Any CPU.Build.0 = Debug|Any CPU
		{BF2F71AA-0F8A-43B4-864F-159A63E63429}.Release|Any CPU.ActiveCfg = Release|Any CPU
		{BF2F71AA-0F8A-43B4-864F-159A63E63429}.Release|Any CPU.Build.0 = Release|Any CPU
	EndGlobalSection
	GlobalSection(SolutionProperties) = preSolution
		HideSolutionNode = FALSE
	EndGlobalSection
	GlobalSection(ExtensibilityGlobals) = postSolution
		SolutionGuid = {55427C80-2ABD-4770-BC33-4EB140139470}
	EndGlobalSection
EndGlobal
